
Microsoft Visual Studio Solution File, Format Version 12.00
# Visual Studio Version 16
VisualStudioVersion = 16.0.29519.87
MinimumVisualStudioVersion = 10.0.40219.1
Project("{9A19103F-16F7-4668-BE54-9A1E7A4F7556}") = "WebApp", "modules\WebApp\WebApp.csproj", "{D164F34E-A673-421A-9D9F-A78006AB8C26}"
EndProject
Project("{9A19103F-16F7-4668-BE54-9A1E7A4F7556}") = "DotNetDataRecorder", "modules\DotNetDataRecorder\DotNetDataRecorder.csproj", "{78AEF076-CFD4-4869-979B-F72C8F4780BA}"
EndProject
Project("{9A19103F-16F7-4668-BE54-9A1E7A4F7556}") = "DotNetDataGenerator", "modules\DotNetDataGenerator\DotNetDataGenerator.csproj", "{87155FF3-45E1-4689-8009-43F147F04279}"
EndProject
Global
	GlobalSection(SolutionConfigurationPlatforms) = preSolution
		Debug|Any CPU = Debug|Any CPU
		Release|Any CPU = Release|Any CPU
	EndGlobalSection
	GlobalSection(ProjectConfigurationPlatforms) = postSolution
		{D164F34E-A673-421A-9D9F-A78006AB8C26}.Debug|Any CPU.ActiveCfg = Debug|Any CPU
		{D164F34E-A673-421A-9D9F-A78006AB8C26}.Debug|Any CPU.Build.0 = Debug|Any CPU
		{D164F34E-A673-421A-9D9F-A78006AB8C26}.Release|Any CPU.ActiveCfg = Release|Any CPU
		{D164F34E-A673-421A-9D9F-A78006AB8C26}.Release|Any CPU.Build.0 = Release|Any CPU
		{78AEF076-CFD4-4869-979B-F72C8F4780BA}.Debug|Any CPU.ActiveCfg = Debug|Any CPU
		{78AEF076-CFD4-4869-979B-F72C8F4780BA}.Debug|Any CPU.Build.0 = Debug|Any CPU
		{78AEF076-CFD4-4869-979B-F72C8F4780BA}.Release|Any CPU.ActiveCfg = Release|Any CPU
		{78AEF076-CFD4-4869-979B-F72C8F4780BA}.Release|Any CPU.Build.0 = Release|Any CPU
		{87155FF3-45E1-4689-8009-43F147F04279}.Debug|Any CPU.ActiveCfg = Debug|Any CPU
		{87155FF3-45E1-4689-8009-43F147F04279}.Debug|Any CPU.Build.0 = Debug|Any CPU
		{87155FF3-45E1-4689-8009-43F147F04279}.Release|Any CPU.ActiveCfg = Release|Any CPU
		{87155FF3-45E1-4689-8009-43F147F04279}.Release|Any CPU.Build.0 = Release|Any CPU
	EndGlobalSection
	GlobalSection(SolutionProperties) = preSolution
		HideSolutionNode = FALSE
	EndGlobalSection
	GlobalSection(ExtensibilityGlobals) = postSolution
		SolutionGuid = {57192AA5-61EB-4AD6-83AA-6FA7B54565F0}
	EndGlobalSection
EndGlobal
